
Microsoft Visual Studio Solution File, Format Version 12.00
# Visual Studio Version 17
VisualStudioVersion = 17.11.35327.3
MinimumVisualStudioVersion = 10.0.40219.1
Project("{FAE04EC0-301F-11D3-BF4B-00C04F79EFBC}") = "etkinlikkayitsites", "etkinlikkayitsites\etkinlikkayitsites.csproj", "{B3EFE1A7-5E73-46D3-ABD5-4CB397316D27}"
EndProject
Global
	GlobalSection(SolutionConfigurationPlatforms) = preSolution
		Debug|Any CPU = Debug|Any CPU
		Release|Any CPU = Release|Any CPU
	EndGlobalSection
	GlobalSection(ProjectConfigurationPlatforms) = postSolution
		{B3EFE1A7-5E73-46D3-ABD5-4CB397316D27}.Debug|Any CPU.ActiveCfg = Debug|Any CPU
		{B3EFE1A7-5E73-46D3-ABD5-4CB397316D27}.Debug|Any CPU.Build.0 = Debug|Any CPU
		{B3EFE1A7-5E73-46D3-ABD5-4CB397316D27}.Release|Any CPU.ActiveCfg = Release|Any CPU
		{B3EFE1A7-5E73-46D3-ABD5-4CB397316D27}.Release|Any CPU.Build.0 = Release|Any CPU
	EndGlobalSection
	GlobalSection(SolutionProperties) = preSolution
		HideSolutionNode = FALSE
	EndGlobalSection
	GlobalSection(ExtensibilityGlobals) = postSolution
		SolutionGuid = {25606550-0EA6-4E1C-8EAB-2AF890C00C02}
	EndGlobalSection
EndGlobal
